// !$*UTF8*$!
{
	archiveVersion = 1;
	classes = {
	};
	objectVersion = 46;
	objects = {

/* Begin PBXBuildFile section */
		6C1252B1138454EC004DA854 /* CreditViewController.m in Sources */ = {isa = PBXBuildFile; fileRef = 6C1252AF138454EB004DA854 /* CreditViewController.m */; };
		6C1252B613845F6D004DA854 /* mabinya.gif in Resources */ = {isa = PBXBuildFile; fileRef = 6C1252B413845F6D004DA854 /* mabinya.gif */; };
		6C1252B713845F6D004DA854 /* nexon.gif in Resources */ = {isa = PBXBuildFile; fileRef = 6C1252B513845F6D004DA854 /* nexon.gif */; };
		6C14F1151380CDD900C98ECC /* Price.m in Sources */ = {isa = PBXBuildFile; fileRef = 6C14F1141380CDD900C98ECC /* Price.m */; };
		6C14F1191380CF6300C98ECC /* MoonGate.m in Sources */ = {isa = PBXBuildFile; fileRef = 6C14F1181380CF6300C98ECC /* MoonGate.m */; };
		6C5C35C413790B8F0056E0D0 /* ErinnTimeViewController.m in Sources */ = {isa = PBXBuildFile; fileRef = 6C5C35C213790B8F0056E0D0 /* ErinnTimeViewController.m */; };
		6C5C35CC13791EBA0056E0D0 /* WeekEffect.m in Sources */ = {isa = PBXBuildFile; fileRef = 6C5C35CB13791EBA0056E0D0 /* WeekEffect.m */; };
		6C5C35CF137930C10056E0D0 /* ErinnTime.m in Sources */ = {isa = PBXBuildFile; fileRef = 6C5C35CE137930C10056E0D0 /* ErinnTime.m */; };
		6C7D59B4138257F80031C6E8 /* PriceViewController.m in Sources */ = {isa = PBXBuildFile; fileRef = 6C7D59B2138257F80031C6E8 /* PriceViewController.m */; };
		6CA609BA1378E33C0096AEC7 /* UIKit.framework in Frameworks */ = {isa = PBXBuildFile; fileRef = 6CA609B91378E33C0096AEC7 /* UIKit.framework */; };
		6CA609BC1378E33C0096AEC7 /* Foundation.framework in Frameworks */ = {isa = PBXBuildFile; fileRef = 6CA609BB1378E33C0096AEC7 /* Foundation.framework */; };
		6CA609BE1378E33C0096AEC7 /* CoreGraphics.framework in Frameworks */ = {isa = PBXBuildFile; fileRef = 6CA609BD1378E33C0096AEC7 /* CoreGraphics.framework */; };
		6CA609C41378E33C0096AEC7 /* InfoPlist.strings in Resources */ = {isa = PBXBuildFile; fileRef = 6CA609C21378E33C0096AEC7 /* InfoPlist.strings */; };
		6CA609C71378E33C0096AEC7 /* main.m in Sources */ = {isa = PBXBuildFile; fileRef = 6CA609C61378E33C0096AEC7 /* main.m */; };
		6CA609CA1378E33C0096AEC7 /* MabinogiToolKitAppDelegate.m in Sources */ = {isa = PBXBuildFile; fileRef = 6CA609C91378E33C0096AEC7 /* MabinogiToolKitAppDelegate.m */; };
		6CA609CD1378E33C0096AEC7 /* MainWindow.xib in Resources */ = {isa = PBXBuildFile; fileRef = 6CA609CB1378E33C0096AEC7 /* MainWindow.xib */; };
		6CA609D01378E33C0096AEC7 /* MabinogiToolKitViewController.m in Sources */ = {isa = PBXBuildFile; fileRef = 6CA609CF1378E33C0096AEC7 /* MabinogiToolKitViewController.m */; };
		6CA609D31378E33C0096AEC7 /* MabinogiToolKitView.xib in Resources */ = {isa = PBXBuildFile; fileRef = 6CA609D11378E33C0096AEC7 /* MabinogiToolKitView.xib */; };
		6CA609EF1378EF0E0096AEC7 /* WeekEffectViewController.m in Sources */ = {isa = PBXBuildFile; fileRef = 6CA609ED1378EF0E0096AEC7 /* WeekEffectViewController.m */; };
		6CA609F41378EFFB0096AEC7 /* MoonGateViewController.m in Sources */ = {isa = PBXBuildFile; fileRef = 6CA609F21378EFFA0096AEC7 /* MoonGateViewController.m */; };
		6CBF37611384468300DC7D33 /* smart_012.png in Resources */ = {isa = PBXBuildFile; fileRef = 6CBF37601384468300DC7D33 /* smart_012.png */; };
		6CBF3764138449E200DC7D33 /* 20100424_30.gif in Resources */ = {isa = PBXBuildFile; fileRef = 6CBF3763138449E200DC7D33 /* 20100424_30.gif */; };
		6CCF40F2138508BE003973EB /* CreditView.xib in Resources */ = {isa = PBXBuildFile; fileRef = 6CCF40E8138508BE003973EB /* CreditView.xib */; };
		6CCF40F3138508BE003973EB /* ErinnTimeView.xib in Resources */ = {isa = PBXBuildFile; fileRef = 6CCF40EA138508BE003973EB /* ErinnTimeView.xib */; };
		6CCF40F4138508BE003973EB /* MoonGateView.xib in Resources */ = {isa = PBXBuildFile; fileRef = 6CCF40EC138508BE003973EB /* MoonGateView.xib */; };
		6CCF40F5138508BE003973EB /* PriceView.xib in Resources */ = {isa = PBXBuildFile; fileRef = 6CCF40EE138508BE003973EB /* PriceView.xib */; };
		6CCF40F6138508BE003973EB /* WeekEffectView.xib in Resources */ = {isa = PBXBuildFile; fileRef = 6CCF40F0138508BE003973EB /* WeekEffectView.xib */; };
		6CCF410113850DF2003973EB /* Icon.png in Resources */ = {isa = PBXBuildFile; fileRef = 6CCF40FF13850DF2003973EB /* Icon.png */; };
		6CCF410213850DF2003973EB /* Icon@2x.png in Resources */ = {isa = PBXBuildFile; fileRef = 6CCF410013850DF2003973EB /* Icon@2x.png */; };
/* End PBXBuildFile section */

/* Begin PBXFileReference section */
		6C1252AE138454EB004DA854 /* CreditViewController.h */ = {isa = PBXFileReference; fileEncoding = 4; lastKnownFileType = sourcecode.c.h; path = CreditViewController.h; sourceTree = "<group>"; };
		6C1252AF138454EB004DA854 /* CreditViewController.m */ = {isa = PBXFileReference; fileEncoding = 4; lastKnownFileType = sourcecode.c.objc; path = CreditViewController.m; sourceTree = "<group>"; };
		6C1252B413845F6D004DA854 /* mabinya.gif */ = {isa = PBXFileReference; lastKnownFileType = image.gif; name = mabinya.gif; path = Resources/mabinya.gif; sourceTree = "<group>"; };
		6C1252B513845F6D004DA854 /* nexon.gif */ = {isa = PBXFileReference; lastKnownFileType = image.gif; name = nexon.gif; path = Resources/nexon.gif; sourceTree = "<group>"; };
		6C14F1131380CDD900C98ECC /* Price.h */ = {isa = PBXFileReference; fileEncoding = 4; lastKnownFileType = sourcecode.c.h; path = Price.h; sourceTree = "<group>"; };
		6C14F1141380CDD900C98ECC /* Price.m */ = {isa = PBXFileReference; fileEncoding = 4; lastKnownFileType = sourcecode.c.objc; path = Price.m; sourceTree = "<group>"; };
		6C14F1171380CF6300C98ECC /* MoonGate.h */ = {isa = PBXFileReference; fileEncoding = 4; lastKnownFileType = sourcecode.c.h; path = MoonGate.h; sourceTree = "<group>"; };
		6C14F1181380CF6300C98ECC /* MoonGate.m */ = {isa = PBXFileReference; fileEncoding = 4; lastKnownFileType = sourcecode.c.objc; path = MoonGate.m; sourceTree = "<group>"; };
		6C5C35C113790B8E0056E0D0 /* ErinnTimeViewController.h */ = {isa = PBXFileReference; fileEncoding = 4; lastKnownFileType = sourcecode.c.h; path = ErinnTimeViewController.h; sourceTree = "<group>"; };
		6C5C35C213790B8F0056E0D0 /* ErinnTimeViewController.m */ = {isa = PBXFileReference; fileEncoding = 4; lastKnownFileType = sourcecode.c.objc; path = ErinnTimeViewController.m; sourceTree = "<group>"; };
		6C5C35CA13791EBA0056E0D0 /* WeekEffect.h */ = {isa = PBXFileReference; fileEncoding = 4; lastKnownFileType = sourcecode.c.h; path = WeekEffect.h; sourceTree = "<group>"; };
		6C5C35CB13791EBA0056E0D0 /* WeekEffect.m */ = {isa = PBXFileReference; fileEncoding = 4; lastKnownFileType = sourcecode.c.objc; path = WeekEffect.m; sourceTree = "<group>"; };
		6C5C35CD137930C10056E0D0 /* ErinnTime.h */ = {isa = PBXFileReference; fileEncoding = 4; lastKnownFileType = sourcecode.c.h; path = ErinnTime.h; sourceTree = "<group>"; };
		6C5C35CE137930C10056E0D0 /* ErinnTime.m */ = {isa = PBXFileReference; fileEncoding = 4; lastKnownFileType = sourcecode.c.objc; path = ErinnTime.m; sourceTree = "<group>"; };
		6C7D59B1138257F80031C6E8 /* PriceViewController.h */ = {isa = PBXFileReference; fileEncoding = 4; lastKnownFileType = sourcecode.c.h; path = PriceViewController.h; sourceTree = "<group>"; };
		6C7D59B2138257F80031C6E8 /* PriceViewController.m */ = {isa = PBXFileReference; fileEncoding = 4; lastKnownFileType = sourcecode.c.objc; path = PriceViewController.m; sourceTree = "<group>"; };
		6CA609B91378E33C0096AEC7 /* UIKit.framework */ = {isa = PBXFileReference; lastKnownFileType = wrapper.framework; name = UIKit.framework; path = System/Library/Frameworks/UIKit.framework; sourceTree = SDKROOT; };
		6CA609BB1378E33C0096AEC7 /* Foundation.framework */ = {isa = PBXFileReference; lastKnownFileType = wrapper.framework; name = Foundation.framework; path = System/Library/Frameworks/Foundation.framework; sourceTree = SDKROOT; };
		6CA609BD1378E33C0096AEC7 /* CoreGraphics.framework */ = {isa = PBXFileReference; lastKnownFileType = wrapper.framework; name = CoreGraphics.framework; path = System/Library/Frameworks/CoreGraphics.framework; sourceTree = SDKROOT; };
		6CA609C11378E33C0096AEC7 /* MabinogiToolKit-Info.plist */ = {isa = PBXFileReference; lastKnownFileType = text.plist.xml; path = "MabinogiToolKit-Info.plist"; sourceTree = "<group>"; };
		6CA609C31378E33C0096AEC7 /* en */ = {isa = PBXFileReference; lastKnownFileType = text.plist.strings; name = en; path = en.lproj/InfoPlist.strings; sourceTree = "<group>"; };
		6CA609C51378E33C0096AEC7 /* MabinogiToolKit-Prefix.pch */ = {isa = PBXFileReference; lastKnownFileType = sourcecode.c.h; path = "MabinogiToolKit-Prefix.pch"; sourceTree = "<group>"; };
		6CA609C61378E33C0096AEC7 /* main.m */ = {isa = PBXFileReference; lastKnownFileType = sourcecode.c.objc; path = main.m; sourceTree = "<group>"; };
		6CA609C81378E33C0096AEC7 /* MabinogiToolKitAppDelegate.h */ = {isa = PBXFileReference; lastKnownFileType = sourcecode.c.h; path = MabinogiToolKitAppDelegate.h; sourceTree = "<group>"; };
		6CA609C91378E33C0096AEC7 /* MabinogiToolKitAppDelegate.m */ = {isa = PBXFileReference; lastKnownFileType = sourcecode.c.objc; path = MabinogiToolKitAppDelegate.m; sourceTree = "<group>"; };
		6CA609CC1378E33C0096AEC7 /* en */ = {isa = PBXFileReference; lastKnownFileType = file.xib; name = en; path = en.lproj/MainWindow.xib; sourceTree = "<group>"; };
		6CA609CE1378E33C0096AEC7 /* MabinogiToolKitViewController.h */ = {isa = PBXFileReference; lastKnownFileType = sourcecode.c.h; path = MabinogiToolKitViewController.h; sourceTree = "<group>"; };
		6CA609CF1378E33C0096AEC7 /* MabinogiToolKitViewController.m */ = {isa = PBXFileReference; lastKnownFileType = sourcecode.c.objc; path = MabinogiToolKitViewController.m; sourceTree = "<group>"; };
		6CA609D21378E33C0096AEC7 /* en */ = {isa = PBXFileReference; lastKnownFileType = file.xib; name = en; path = en.lproj/MabinogiToolKitView.xib; sourceTree = "<group>"; };
		6CA609EC1378EF0E0096AEC7 /* WeekEffectViewController.h */ = {isa = PBXFileReference; fileEncoding = 4; lastKnownFileType = sourcecode.c.h; path = WeekEffectViewController.h; sourceTree = "<group>"; };
		6CA609ED1378EF0E0096AEC7 /* WeekEffectViewController.m */ = {isa = PBXFileReference; fileEncoding = 4; lastKnownFileType = sourcecode.c.objc; path = WeekEffectViewController.m; sourceTree = "<group>"; };
		6CA609F11378EFFA0096AEC7 /* MoonGateViewController.h */ = {isa = PBXFileReference; fileEncoding = 4; lastKnownFileType = sourcecode.c.h; path = MoonGateViewController.h; sourceTree = "<group>"; };
		6CA609F21378EFFA0096AEC7 /* MoonGateViewController.m */ = {isa = PBXFileReference; fileEncoding = 4; lastKnownFileType = sourcecode.c.objc; path = MoonGateViewController.m; sourceTree = "<group>"; };
		6CBF37601384468300DC7D33 /* smart_012.png */ = {isa = PBXFileReference; lastKnownFileType = image.png; name = smart_012.png; path = Resources/smart_012.png; sourceTree = "<group>"; };
		6CBF3763138449E200DC7D33 /* 20100424_30.gif */ = {isa = PBXFileReference; lastKnownFileType = image.gif; name = 20100424_30.gif; path = Resources/20100424_30.gif; sourceTree = "<group>"; };
		6CCF40E9138508BE003973EB /* en */ = {isa = PBXFileReference; lastKnownFileType = file.xib; name = en; path = en.lproj/CreditView.xib; sourceTree = "<group>"; };
		6CCF40EB138508BE003973EB /* en */ = {isa = PBXFileReference; lastKnownFileType = file.xib; name = en; path = en.lproj/ErinnTimeView.xib; sourceTree = "<group>"; };
		6CCF40ED138508BE003973EB /* en */ = {isa = PBXFileReference; lastKnownFileType = file.xib; name = en; path = en.lproj/MoonGateView.xib; sourceTree = "<group>"; };
		6CCF40EF138508BE003973EB /* en */ = {isa = PBXFileReference; lastKnownFileType = file.xib; name = en; path = en.lproj/PriceView.xib; sourceTree = "<group>"; };
		6CCF40F1138508BE003973EB /* en */ = {isa = PBXFileReference; lastKnownFileType = file.xib; name = en; path = en.lproj/WeekEffectView.xib; sourceTree = "<group>"; };
		6CCF40FF13850DF2003973EB /* Icon.png */ = {isa = PBXFileReference; lastKnownFileType = image.png; name = Icon.png; path = Resources/Icon.png; sourceTree = "<group>"; };
		6CCF410013850DF2003973EB /* Icon@2x.png */ = {isa = PBXFileReference; lastKnownFileType = image.png; name = "Icon@2x.png"; path = "Resources/Icon@2x.png"; sourceTree = "<group>"; };
		6CED16501385258600D24E5A /* MabinogiToolKit.app */ = {isa = PBXFileReference; explicitFileType = wrapper.application; includeInIndex = 0; path = MabinogiToolKit.app; sourceTree = BUILT_PRODUCTS_DIR; };
/* End PBXFileReference section */

/* Begin PBXFrameworksBuildPhase section */
		6CA609B21378E33C0096AEC7 /* Frameworks */ = {
			isa = PBXFrameworksBuildPhase;
			buildActionMask = 2147483647;
			files = (
				6CA609BA1378E33C0096AEC7 /* UIKit.framework in Frameworks */,
				6CA609BC1378E33C0096AEC7 /* Foundation.framework in Frameworks */,
				6CA609BE1378E33C0096AEC7 /* CoreGraphics.framework in Frameworks */,
			);
			runOnlyForDeploymentPostprocessing = 0;
		};
/* End PBXFrameworksBuildPhase section */

/* Begin PBXGroup section */
		6CA609AA1378E33C0096AEC7 = {
			isa = PBXGroup;
			children = (
				6CA609BF1378E33C0096AEC7 /* MabinogiToolKit */,
				6CA609B81378E33C0096AEC7 /* Frameworks */,
				6CA609B61378E33C0096AEC7 /* Products */,
			);
			sourceTree = "<group>";
		};
		6CA609B61378E33C0096AEC7 /* Products */ = {
			isa = PBXGroup;
			children = (
				6CED16501385258600D24E5A /* MabinogiToolKit.app */,
			);
			name = Products;
			sourceTree = "<group>";
		};
		6CA609B81378E33C0096AEC7 /* Frameworks */ = {
			isa = PBXGroup;
			children = (
				6CA609B91378E33C0096AEC7 /* UIKit.framework */,
				6CA609BB1378E33C0096AEC7 /* Foundation.framework */,
				6CA609BD1378E33C0096AEC7 /* CoreGraphics.framework */,
			);
			name = Frameworks;
			sourceTree = "<group>";
		};
		6CA609BF1378E33C0096AEC7 /* MabinogiToolKit */ = {
			isa = PBXGroup;
			children = (
				6CA609E41378E7150096AEC7 /* Controllers */,
				6CA609E51378E72A0096AEC7 /* Models */,
				6CA609E61378E7360096AEC7 /* Views */,
				6CA609E31378E7000096AEC7 /* Resources */,
				6CA609C01378E33C0096AEC7 /* Supporting Files */,
			);
			path = MabinogiToolKit;
			sourceTree = "<group>";
		};
		6CA609C01378E33C0096AEC7 /* Supporting Files */ = {
			isa = PBXGroup;
			children = (
				6CA609C11378E33C0096AEC7 /* MabinogiToolKit-Info.plist */,
				6CA609C21378E33C0096AEC7 /* InfoPlist.strings */,
				6CA609C51378E33C0096AEC7 /* MabinogiToolKit-Prefix.pch */,
				6CA609C61378E33C0096AEC7 /* main.m */,
			);
			name = "Supporting Files";
			sourceTree = "<group>";
		};
		6CA609E31378E7000096AEC7 /* Resources */ = {
			isa = PBXGroup;
			children = (
				6CCF40FF13850DF2003973EB /* Icon.png */,
				6CCF410013850DF2003973EB /* Icon@2x.png */,
				6C1252B413845F6D004DA854 /* mabinya.gif */,
				6C1252B513845F6D004DA854 /* nexon.gif */,
				6CBF37601384468300DC7D33 /* smart_012.png */,
				6CBF3763138449E200DC7D33 /* 20100424_30.gif */,
			);
			name = Resources;
			sourceTree = "<group>";
		};
		6CA609E41378E7150096AEC7 /* Controllers */ = {
			isa = PBXGroup;
			children = (
				6CA609C81378E33C0096AEC7 /* MabinogiToolKitAppDelegate.h */,
				6CA609C91378E33C0096AEC7 /* MabinogiToolKitAppDelegate.m */,
				6CA609CE1378E33C0096AEC7 /* MabinogiToolKitViewController.h */,
				6CA609CF1378E33C0096AEC7 /* MabinogiToolKitViewController.m */,
				6C5C35C113790B8E0056E0D0 /* ErinnTimeViewController.h */,
				6C5C35C213790B8F0056E0D0 /* ErinnTimeViewController.m */,
				6CA609EC1378EF0E0096AEC7 /* WeekEffectViewController.h */,
				6CA609ED1378EF0E0096AEC7 /* WeekEffectViewController.m */,
				6CA609F11378EFFA0096AEC7 /* MoonGateViewController.h */,
				6CA609F21378EFFA0096AEC7 /* MoonGateViewController.m */,
				6C7D59B1138257F80031C6E8 /* PriceViewController.h */,
				6C7D59B2138257F80031C6E8 /* PriceViewController.m */,
				6C1252AE138454EB004DA854 /* CreditViewController.h */,
				6C1252AF138454EB004DA854 /* CreditViewController.m */,
			);
			name = Controllers;
			sourceTree = "<group>";
		};
		6CA609E51378E72A0096AEC7 /* Models */ = {
			isa = PBXGroup;
			children = (
				6C5C35CD137930C10056E0D0 /* ErinnTime.h */,
				6C5C35CE137930C10056E0D0 /* ErinnTime.m */,
				6C5C35CA13791EBA0056E0D0 /* WeekEffect.h */,
				6C5C35CB13791EBA0056E0D0 /* WeekEffect.m */,
				6C14F1171380CF6300C98ECC /* MoonGate.h */,
				6C14F1181380CF6300C98ECC /* MoonGate.m */,
				6C14F1131380CDD900C98ECC /* Price.h */,
				6C14F1141380CDD900C98ECC /* Price.m */,
			);
			name = Models;
			sourceTree = "<group>";
		};
		6CA609E61378E7360096AEC7 /* Views */ = {
			isa = PBXGroup;
			children = (
				6CA609CB1378E33C0096AEC7 /* MainWindow.xib */,
				6CA609D11378E33C0096AEC7 /* MabinogiToolKitView.xib */,
				6CCF40E8138508BE003973EB /* CreditView.xib */,
				6CCF40EA138508BE003973EB /* ErinnTimeView.xib */,
				6CCF40EC138508BE003973EB /* MoonGateView.xib */,
				6CCF40EE138508BE003973EB /* PriceView.xib */,
				6CCF40F0138508BE003973EB /* WeekEffectView.xib */,
			);
			name = Views;
			sourceTree = "<group>";
		};
/* End PBXGroup section */

/* Begin PBXNativeTarget section */
		6CA609B41378E33C0096AEC7 /* MabinogiToolKit */ = {
			isa = PBXNativeTarget;
			buildConfigurationList = 6CA609D61378E33C0096AEC7 /* Build configuration list for PBXNativeTarget "MabinogiToolKit" */;
			buildPhases = (
				6CA609B11378E33C0096AEC7 /* Sources */,
				6CA609B21378E33C0096AEC7 /* Frameworks */,
				6CA609B31378E33C0096AEC7 /* Resources */,
			);
			buildRules = (
			);
			dependencies = (
			);
			name = MabinogiToolKit;
			productName = MabinogiToolKit;
			productReference = 6CED16501385258600D24E5A /* MabinogiToolKit.app */;
			productType = "com.apple.product-type.application";
		};
/* End PBXNativeTarget section */

/* Begin PBXProject section */
		6CA609AC1378E33C0096AEC7 /* Project object */ = {
			isa = PBXProject;
			buildConfigurationList = 6CA609AF1378E33C0096AEC7 /* Build configuration list for PBXProject "MabinogiToolKit" */;
			compatibilityVersion = "Xcode 3.2";
			developmentRegion = English;
			hasScannedForEncodings = 0;
			knownRegions = (
				en,
			);
			mainGroup = 6CA609AA1378E33C0096AEC7;
			productRefGroup = 6CA609B61378E33C0096AEC7 /* Products */;
			projectDirPath = "";
			projectRoot = "";
			targets = (
				6CA609B41378E33C0096AEC7 /* MabinogiToolKit */,
			);
		};
/* End PBXProject section */

/* Begin PBXResourcesBuildPhase section */
		6CA609B31378E33C0096AEC7 /* Resources */ = {
			isa = PBXResourcesBuildPhase;
			buildActionMask = 2147483647;
			files = (
				6CA609C41378E33C0096AEC7 /* InfoPlist.strings in Resources */,
				6CA609CD1378E33C0096AEC7 /* MainWindow.xib in Resources */,
				6CA609D31378E33C0096AEC7 /* MabinogiToolKitView.xib in Resources */,
				6CBF37611384468300DC7D33 /* smart_012.png in Resources */,
				6CBF3764138449E200DC7D33 /* 20100424_30.gif in Resources */,
				6C1252B613845F6D004DA854 /* mabinya.gif in Resources */,
				6C1252B713845F6D004DA854 /* nexon.gif in Resources */,
				6CCF40F2138508BE003973EB /* CreditView.xib in Resources */,
				6CCF40F3138508BE003973EB /* ErinnTimeView.xib in Resources */,
				6CCF40F4138508BE003973EB /* MoonGateView.xib in Resources */,
				6CCF40F5138508BE003973EB /* PriceView.xib in Resources */,
				6CCF40F6138508BE003973EB /* WeekEffectView.xib in Resources */,
				6CCF410113850DF2003973EB /* Icon.png in Resources */,
				6CCF410213850DF2003973EB /* Icon@2x.png in Resources */,
			);
			runOnlyForDeploymentPostprocessing = 0;
		};
/* End PBXResourcesBuildPhase section */

/* Begin PBXSourcesBuildPhase section */
		6CA609B11378E33C0096AEC7 /* Sources */ = {
			isa = PBXSourcesBuildPhase;
			buildActionMask = 2147483647;
			files = (
				6CA609C71378E33C0096AEC7 /* main.m in Sources */,
				6CA609CA1378E33C0096AEC7 /* MabinogiToolKitAppDelegate.m in Sources */,
				6CA609D01378E33C0096AEC7 /* MabinogiToolKitViewController.m in Sources */,
				6CA609EF1378EF0E0096AEC7 /* WeekEffectViewController.m in Sources */,
				6CA609F41378EFFB0096AEC7 /* MoonGateViewController.m in Sources */,
				6C5C35C413790B8F0056E0D0 /* ErinnTimeViewController.m in Sources */,
				6C5C35CC13791EBA0056E0D0 /* WeekEffect.m in Sources */,
				6C5C35CF137930C10056E0D0 /* ErinnTime.m in Sources */,
				6C14F1151380CDD900C98ECC /* Price.m in Sources */,
				6C14F1191380CF6300C98ECC /* MoonGate.m in Sources */,
				6C7D59B4138257F80031C6E8 /* PriceViewController.m in Sources */,
				6C1252B1138454EC004DA854 /* CreditViewController.m in Sources */,
			);
			runOnlyForDeploymentPostprocessing = 0;
		};
/* End PBXSourcesBuildPhase section */

/* Begin PBXVariantGroup section */
		6CA609C21378E33C0096AEC7 /* InfoPlist.strings */ = {
			isa = PBXVariantGroup;
			children = (
				6CA609C31378E33C0096AEC7 /* en */,
			);
			name = InfoPlist.strings;
			sourceTree = "<group>";
		};
		6CA609CB1378E33C0096AEC7 /* MainWindow.xib */ = {
			isa = PBXVariantGroup;
			children = (
				6CA609CC1378E33C0096AEC7 /* en */,
			);
			name = MainWindow.xib;
			sourceTree = "<group>";
		};
		6CA609D11378E33C0096AEC7 /* MabinogiToolKitView.xib */ = {
			isa = PBXVariantGroup;
			children = (
				6CA609D21378E33C0096AEC7 /* en */,
			);
			name = MabinogiToolKitView.xib;
			sourceTree = "<group>";
		};
		6CCF40E8138508BE003973EB /* CreditView.xib */ = {
			isa = PBXVariantGroup;
			children = (
				6CCF40E9138508BE003973EB /* en */,
			);
			name = CreditView.xib;
			sourceTree = "<group>";
		};
		6CCF40EA138508BE003973EB /* ErinnTimeView.xib */ = {
			isa = PBXVariantGroup;
			children = (
				6CCF40EB138508BE003973EB /* en */,
			);
			name = ErinnTimeView.xib;
			sourceTree = "<group>";
		};
		6CCF40EC138508BE003973EB /* MoonGateView.xib */ = {
			isa = PBXVariantGroup;
			children = (
				6CCF40ED138508BE003973EB /* en */,
			);
			name = MoonGateView.xib;
			sourceTree = "<group>";
		};
		6CCF40EE138508BE003973EB /* PriceView.xib */ = {
			isa = PBXVariantGroup;
			children = (
				6CCF40EF138508BE003973EB /* en */,
			);
			name = PriceView.xib;
			sourceTree = "<group>";
		};
		6CCF40F0138508BE003973EB /* WeekEffectView.xib */ = {
			isa = PBXVariantGroup;
			children = (
				6CCF40F1138508BE003973EB /* en */,
			);
			name = WeekEffectView.xib;
			sourceTree = "<group>";
		};
/* End PBXVariantGroup section */

/* Begin XCBuildConfiguration section */
		6CA609D41378E33C0096AEC7 /* Debug */ = {
			isa = XCBuildConfiguration;
			buildSettings = {
				ARCHS = "$(ARCHS_STANDARD_32_BIT)";
				CODE_SIGN_IDENTITY = "";
				"CODE_SIGN_IDENTITY[sdk=iphoneos*]" = "";
				GCC_C_LANGUAGE_STANDARD = gnu99;
				GCC_OPTIMIZATION_LEVEL = 0;
				GCC_PREPROCESSOR_DEFINITIONS = DEBUG;
				GCC_SYMBOLS_PRIVATE_EXTERN = NO;
				GCC_VERSION = com.apple.compilers.llvmgcc42;
				GCC_WARN_ABOUT_RETURN_TYPE = YES;
				GCC_WARN_UNUSED_VARIABLE = YES;
				IPHONEOS_DEPLOYMENT_TARGET = 4.0;
				RUN_CLANG_STATIC_ANALYZER = YES;
				SDKROOT = iphoneos;
			};
			name = Debug;
		};
		6CA609D51378E33C0096AEC7 /* Release */ = {
			isa = XCBuildConfiguration;
			buildSettings = {
				ARCHS = "$(ARCHS_STANDARD_32_BIT)";
				CODE_SIGN_IDENTITY = "iPhone Distribution: Kimihiko Hattori";
				"CODE_SIGN_IDENTITY[sdk=iphoneos*]" = "iPhone Distribution: Kimihiko Hattori";
				GCC_C_LANGUAGE_STANDARD = gnu99;
				GCC_VERSION = com.apple.compilers.llvmgcc42;
				GCC_WARN_ABOUT_RETURN_TYPE = YES;
				GCC_WARN_UNUSED_VARIABLE = YES;
				IPHONEOS_DEPLOYMENT_TARGET = 4.0;
				OTHER_CFLAGS = "-DNS_BLOCK_ASSERTIONS=1";
				PROVISIONING_PROFILE = "2EB23ADC-394F-4E61-8761-6251F4621092";
				"PROVISIONING_PROFILE[sdk=iphoneos*]" = "2EB23ADC-394F-4E61-8761-6251F4621092";
				RUN_CLANG_STATIC_ANALYZER = YES;
				SDKROOT = iphoneos;
			};
			name = Release;
		};
		6CA609D71378E33C0096AEC7 /* Debug */ = {
			isa = XCBuildConfiguration;
			buildSettings = {
				ALWAYS_SEARCH_USER_PATHS = NO;
				COPY_PHASE_STRIP = NO;
				GCC_DYNAMIC_NO_PIC = NO;
				GCC_PRECOMPILE_PREFIX_HEADER = YES;
				GCC_PREFIX_HEADER = "MabinogiToolKit/MabinogiToolKit-Prefix.pch";
				INFOPLIST_FILE = "MabinogiToolKit/MabinogiToolKit-Info.plist";
				IPHONEOS_DEPLOYMENT_TARGET = 4.0;
				PRODUCT_NAME = "$(TARGET_NAME)";
				WRAPPER_EXTENSION = app;
			};
			name = Debug;
		};
		6CA609D81378E33C0096AEC7 /* Release */ = {
			isa = XCBuildConfiguration;
			buildSettings = {
				ALWAYS_SEARCH_USER_PATHS = NO;
				COPY_PHASE_STRIP = YES;
				GCC_PRECOMPILE_PREFIX_HEADER = YES;
				GCC_PREFIX_HEADER = "MabinogiToolKit/MabinogiToolKit-Prefix.pch";
				INFOPLIST_FILE = "MabinogiToolKit/MabinogiToolKit-Info.plist";
				IPHONEOS_DEPLOYMENT_TARGET = 4.0;
				PRODUCT_NAME = "$(TARGET_NAME)";
				VALIDATE_PRODUCT = YES;
				WRAPPER_EXTENSION = app;
			};
			name = Release;
		};
/* End XCBuildConfiguration section */

/* Begin XCConfigurationList section */
		6CA609AF1378E33C0096AEC7 /* Build configuration list for PBXProject "MabinogiToolKit" */ = {
			isa = XCConfigurationList;
			buildConfigurations = (
				6CA609D41378E33C0096AEC7 /* Debug */,
				6CA609D51378E33C0096AEC7 /* Release */,
			);
			defaultConfigurationIsVisible = 0;
			defaultConfigurationName = Release;
		};
		6CA609D61378E33C0096AEC7 /* Build configuration list for PBXNativeTarget "MabinogiToolKit" */ = {
			isa = XCConfigurationList;
			buildConfigurations = (
				6CA609D71378E33C0096AEC7 /* Debug */,
				6CA609D81378E33C0096AEC7 /* Release */,
			);
			defaultConfigurationIsVisible = 0;
			defaultConfigurationName = Release;
		};
/* End XCConfigurationList section */
	};
	rootObject = 6CA609AC1378E33C0096AEC7 /* Project object */;
}
